PODS:
  - Alamofire (5.4.0)
  - AlipaySDK-iOS (15.7.9)
  - SwiftyJSON (5.0.0)
  - WechatOpenSDK (1.8.7.1)

DEPENDENCIES:
  - Alamofire
  - AlipaySDK-iOS
  - SwiftyJSON
  - WechatOpenSDK

SPEC REPOS:
  trunk:
    - Alamofire
    - AlipaySDK-iOS
    - SwiftyJSON
    - WechatOpenSDK

SPEC CHECKSUMS:
  Alamofire: 3b6a534a3df22db367e4dedeeca73d1ddfcf0e2f
  AlipaySDK-iOS: 94ff4c0e17c5e7d126b8207596d5033006534c25
  SwiftyJSON: 36413e04c44ee145039d332b4f4e2d3e8d6c4db7
  WechatOpenSDK: 6a4d1436c15b3b5fe2a0bd383f3046010186da44

PODFILE CHECKSUM: 94999dc69c5d0095d366787a6c545d2e29cf827a

COCOAPODS: 1.10.0
