// !$*UTF8*$!
{
	archiveVersion = 1;
	classes = {
	};
	objectVersion = 54;
	objects = {

/* Begin PBXBuildFile section */
		632058F421CCF12900E36511 /* CreditCard.swift in Sources */ = {isa = PBXBuildFile; fileRef = 632058F321CCF12900E36511 /* CreditCard.swift */; };
		63389058218CAA9A00EE1309 /* AppDelegate.swift in Sources */ = {isa = PBXBuildFile; fileRef = 63389057218CAA9A00EE1309 /* AppDelegate.swift */; };
		6338905A218CAA9A00EE1309 /* PaymentViewController.swift in Sources */ = {isa = PBXBuildFile; fileRef = 63389059218CAA9A00EE1309 /* PaymentViewController.swift */; };
		6338905D218CAA9A00EE1309 /* Main.storyboard in Resources */ = {isa = PBXBuildFile; fileRef = 6338905B218CAA9A00EE1309 /* Main.storyboard */; };
		6338905F218CAA9C00EE1309 /* Assets.xcassets in Resources */ = {isa = PBXBuildFile; fileRef = 6338905E218CAA9C00EE1309 /* Assets.xcassets */; };
		63389062218CAA9C00EE1309 /* LaunchScreen.storyboard in Resources */ = {isa = PBXBuildFile; fileRef = 63389060218CAA9C00EE1309 /* LaunchScreen.storyboard */; };
		634E1F5C219046160099AD88 /* PaymentsService.swift in Sources */ = {isa = PBXBuildFile; fileRef = 634E1F55219046160099AD88 /* PaymentsService.swift */; };
		634E1F61219046160099AD88 /* BaseService.swift in Sources */ = {isa = PBXBuildFile; fileRef = 634E1F5A219046160099AD88 /* BaseService.swift */; };
		634E1F672190465C0099AD88 /* Parser.swift in Sources */ = {isa = PBXBuildFile; fileRef = 634E1F652190465C0099AD88 /* Parser.swift */; };
		634E1F6A219047490099AD88 /* Constants.swift in Sources */ = {isa = PBXBuildFile; fileRef = 634E1F69219047490099AD88 /* Constants.swift */; };
		634E1F6D2190487C0099AD88 /* ApiError.swift in Sources */ = {isa = PBXBuildFile; fileRef = 634E1F6C2190487C0099AD88 /* ApiError.swift */; };
		634E1F6F219077230099AD88 /* Order.swift in Sources */ = {isa = PBXBuildFile; fileRef = 634E1F6E219077230099AD88 /* Order.swift */; };
		637FBF8A21CBD4A9006E35FE /* Utilities.swift in Sources */ = {isa = PBXBuildFile; fileRef = 637FBF7D21CBD4A9006E35FE /* Utilities.swift */; };
		637FBF8B21CBD4A9006E35FE /* AKMaskFieldEvent.swift in Sources */ = {isa = PBXBuildFile; fileRef = 637FBF7E21CBD4A9006E35FE /* AKMaskFieldEvent.swift */; };
		637FBF8C21CBD4A9006E35FE /* CreditCardFormView.swift in Sources */ = {isa = PBXBuildFile; fileRef = 637FBF7F21CBD4A9006E35FE /* CreditCardFormView.swift */; };
		637FBF8D21CBD4A9006E35FE /* CreditCardValidator.swift in Sources */ = {isa = PBXBuildFile; fileRef = 637FBF8021CBD4A9006E35FE /* CreditCardValidator.swift */; };
		637FBF8E21CBD4A9006E35FE /* AKMaskFieldBlock.swift in Sources */ = {isa = PBXBuildFile; fileRef = 637FBF8121CBD4A9006E35FE /* AKMaskFieldBlock.swift */; };
		637FBF8F21CBD4A9006E35FE /* AKMaskField.swift in Sources */ = {isa = PBXBuildFile; fileRef = 637FBF8221CBD4A9006E35FE /* AKMaskField.swift */; };
		637FBF9021CBD4A9006E35FE /* AKMaskFieldUtility.swift in Sources */ = {isa = PBXBuildFile; fileRef = 637FBF8321CBD4A9006E35FE /* AKMaskFieldUtility.swift */; };
		637FBF9121CBD4A9006E35FE /* CreditCardValidationType.swift in Sources */ = {isa = PBXBuildFile; fileRef = 637FBF8421CBD4A9006E35FE /* CreditCardValidationType.swift */; };
		637FBF9221CBD4A9006E35FE /* AKMaskFieldBlockCharacter.swift in Sources */ = {isa = PBXBuildFile; fileRef = 637FBF8521CBD4A9006E35FE /* AKMaskFieldBlockCharacter.swift */; };
		637FBF9321CBD4A9006E35FE /* AKMaskFieldPatternCharacter.swift in Sources */ = {isa = PBXBuildFile; fileRef = 637FBF8621CBD4A9006E35FE /* AKMaskFieldPatternCharacter.swift */; };
		637FBF9421CBD4A9006E35FE /* AKMaskFieldStatus.swift in Sources */ = {isa = PBXBuildFile; fileRef = 637FBF8721CBD4A9006E35FE /* AKMaskFieldStatus.swift */; };
		637FBF9521CBD4A9006E35FE /* Images.xcassets in Resources */ = {isa = PBXBuildFile; fileRef = 637FBF8921CBD4A9006E35FE /* Images.xcassets */; };
		639240F221C90E9600B4E608 /* AuthorizationService.swift in Sources */ = {isa = PBXBuildFile; fileRef = 639240F121C90E9600B4E608 /* AuthorizationService.swift */; };
		E84058DECD2E8387F3E8E6C7 /* Pods_Smart2Pay_Example.framework in Frameworks */ = {isa = PBXBuildFile; fileRef = 5B5238400ECC5956B5806C37 /* Pods_Smart2Pay_Example.framework */; };
		F578439A269EFC7200FA8A8C /* Auth3dViewController.swift in Sources */ = {isa = PBXBuildFile; fileRef = F5784399269EFC7200FA8A8C /* Auth3dViewController.swift */; };
		F578439F269F3EAE00FA8A8C /* GoogleService-Info.plist in Resources */ = {isa = PBXBuildFile; fileRef = F578439E269F3EAE00FA8A8C /* GoogleService-Info.plist */; };
/* End PBXBuildFile section */

/* Begin PBXCopyFilesBuildPhase section */
		63B78E0D21921ECF00FDE1CF /* Embed Frameworks */ = {
			isa = PBXCopyFilesBuildPhase;
			buildActionMask = 2147483647;
			dstPath = "";
			dstSubfolderSpec = 10;
			files = (
			);
			name = "Embed Frameworks";
			runOnlyForDeploymentPostprocessing = 0;
		};
/* End PBXCopyFilesBuildPhase section */

/* Begin PBXFileReference section */
		55DCEACB24D57C0BB2121017 /* Pods-Smart2Pay Example.debug.xcconfig */ = {isa = PBXFileReference; includeInIndex = 1; lastKnownFileType = text.xcconfig; name = "Pods-Smart2Pay Example.debug.xcconfig"; path = "Pods/Target Support Files/Pods-Smart2Pay Example/Pods-Smart2Pay Example.debug.xcconfig"; sourceTree = "<group>"; };
		5B5238400ECC5956B5806C37 /* Pods_Smart2Pay_Example.framework */ = {isa = PBXFileReference; explicitFileType = wrapper.framework; includeInIndex = 0; path = Pods_Smart2Pay_Example.framework; sourceTree = BUILT_PRODUCTS_DIR; };
		632058F321CCF12900E36511 /* CreditCard.swift */ = {isa = PBXFileReference; lastKnownFileType = sourcecode.swift; path = CreditCard.swift; sourceTree = "<group>"; };
		63389054218CAA9A00EE1309 /* Smart2Pay Example.app */ = {isa = PBXFileReference; explicitFileType = wrapper.application; includeInIndex = 0; path = "Smart2Pay Example.app"; sourceTree = BUILT_PRODUCTS_DIR; };
		63389057218CAA9A00EE1309 /* AppDelegate.swift */ = {isa = PBXFileReference; lastKnownFileType = sourcecode.swift; path = AppDelegate.swift; sourceTree = "<group>"; };
		63389059218CAA9A00EE1309 /* PaymentViewController.swift */ = {isa = PBXFileReference; lastKnownFileType = sourcecode.swift; path = PaymentViewController.swift; sourceTree = "<group>"; };
		6338905C218CAA9A00EE1309 /* Base */ = {isa = PBXFileReference; lastKnownFileType = file.storyboard; name = Base; path = Base.lproj/Main.storyboard; sourceTree = "<group>"; };
		6338905E218CAA9C00EE1309 /* Assets.xcassets */ = {isa = PBXFileReference; lastKnownFileType = folder.assetcatalog; path = Assets.xcassets; sourceTree = "<group>"; };
		63389061218CAA9C00EE1309 /* Base */ = {isa = PBXFileReference; lastKnownFileType = file.storyboard; name = Base; path = Base.lproj/LaunchScreen.storyboard; sourceTree = "<group>"; };
		63389063218CAA9C00EE1309 /* Info.plist */ = {isa = PBXFileReference; lastKnownFileType = text.plist.xml; path = Info.plist; sourceTree = "<group>"; };
		634E1F55219046160099AD88 /* PaymentsService.swift */ = {isa = PBXFileReference; fileEncoding = 4; lastKnownFileType = sourcecode.swift; path = PaymentsService.swift; sourceTree = "<group>"; };
		634E1F5A219046160099AD88 /* BaseService.swift */ = {isa = PBXFileReference; fileEncoding = 4; lastKnownFileType = sourcecode.swift; path = BaseService.swift; sourceTree = "<group>"; };
		634E1F652190465C0099AD88 /* Parser.swift */ = {isa = PBXFileReference; fileEncoding = 4; lastKnownFileType = sourcecode.swift; path = Parser.swift; sourceTree = "<group>"; };
		634E1F69219047490099AD88 /* Constants.swift */ = {isa = PBXFileReference; fileEncoding = 4; lastKnownFileType = sourcecode.swift; path = Constants.swift; sourceTree = "<group>"; };
		634E1F6C2190487C0099AD88 /* ApiError.swift */ = {isa = PBXFileReference; fileEncoding = 4; lastKnownFileType = sourcecode.swift; path = ApiError.swift; sourceTree = "<group>"; };
		634E1F6E219077230099AD88 /* Order.swift */ = {isa = PBXFileReference; lastKnownFileType = sourcecode.swift; path = Order.swift; sourceTree = "<group>"; };
		637FBF7D21CBD4A9006E35FE /* Utilities.swift */ = {isa = PBXFileReference; fileEncoding = 4; lastKnownFileType = sourcecode.swift; path = Utilities.swift; sourceTree = "<group>"; };
		637FBF7E21CBD4A9006E35FE /* AKMaskFieldEvent.swift */ = {isa = PBXFileReference; fileEncoding = 4; lastKnownFileType = sourcecode.swift; path = AKMaskFieldEvent.swift; sourceTree = "<group>"; };
		637FBF7F21CBD4A9006E35FE /* CreditCardFormView.swift */ = {isa = PBXFileReference; fileEncoding = 4; lastKnownFileType = sourcecode.swift; path = CreditCardFormView.swift; sourceTree = "<group>"; };
		637FBF8021CBD4A9006E35FE /* CreditCardValidator.swift */ = {isa = PBXFileReference; fileEncoding = 4; lastKnownFileType = sourcecode.swift; path = CreditCardValidator.swift; sourceTree = "<group>"; };
		637FBF8121CBD4A9006E35FE /* AKMaskFieldBlock.swift */ = {isa = PBXFileReference; fileEncoding = 4; lastKnownFileType = sourcecode.swift; path = AKMaskFieldBlock.swift; sourceTree = "<group>"; };
		637FBF8221CBD4A9006E35FE /* AKMaskField.swift */ = {isa = PBXFileReference; fileEncoding = 4; lastKnownFileType = sourcecode.swift; path = AKMaskField.swift; sourceTree = "<group>"; };
		637FBF8321CBD4A9006E35FE /* AKMaskFieldUtility.swift */ = {isa = PBXFileReference; fileEncoding = 4; lastKnownFileType = sourcecode.swift; path = AKMaskFieldUtility.swift; sourceTree = "<group>"; };
		637FBF8421CBD4A9006E35FE /* CreditCardValidationType.swift */ = {isa = PBXFileReference; fileEncoding = 4; lastKnownFileType = sourcecode.swift; path = CreditCardValidationType.swift; sourceTree = "<group>"; };
		637FBF8521CBD4A9006E35FE /* AKMaskFieldBlockCharacter.swift */ = {isa = PBXFileReference; fileEncoding = 4; lastKnownFileType = sourcecode.swift; path = AKMaskFieldBlockCharacter.swift; sourceTree = "<group>"; };
		637FBF8621CBD4A9006E35FE /* AKMaskFieldPatternCharacter.swift */ = {isa = PBXFileReference; fileEncoding = 4; lastKnownFileType = sourcecode.swift; path = AKMaskFieldPatternCharacter.swift; sourceTree = "<group>"; };
		637FBF8721CBD4A9006E35FE /* AKMaskFieldStatus.swift */ = {isa = PBXFileReference; fileEncoding = 4; lastKnownFileType = sourcecode.swift; path = AKMaskFieldStatus.swift; sourceTree = "<group>"; };
		637FBF8921CBD4A9006E35FE /* Images.xcassets */ = {isa = PBXFileReference; lastKnownFileType = folder.assetcatalog; path = Images.xcassets; sourceTree = "<group>"; };
		639240F121C90E9600B4E608 /* AuthorizationService.swift */ = {isa = PBXFileReference; fileEncoding = 4; lastKnownFileType = sourcecode.swift; path = AuthorizationService.swift; sourceTree = "<group>"; };
		901A101F4827CB62B2343951 /* Pods-Smart2Pay Example.release.xcconfig */ = {isa = PBXFileReference; includeInIndex = 1; lastKnownFileType = text.xcconfig; name = "Pods-Smart2Pay Example.release.xcconfig"; path = "Pods/Target Support Files/Pods-Smart2Pay Example/Pods-Smart2Pay Example.release.xcconfig"; sourceTree = "<group>"; };
		F5784399269EFC7200FA8A8C /* Auth3dViewController.swift */ = {isa = PBXFileReference; lastKnownFileType = sourcecode.swift; path = Auth3dViewController.swift; sourceTree = "<group>"; };
		F578439E269F3EAE00FA8A8C /* GoogleService-Info.plist */ = {isa = PBXFileReference; fileEncoding = 4; lastKnownFileType = text.plist.xml; path = "GoogleService-Info.plist"; sourceTree = "<group>"; };
/* End PBXFileReference section */

/* Begin PBXFrameworksBuildPhase section */
		63389051218CAA9A00EE1309 /* Frameworks */ = {
			isa = PBXFrameworksBuildPhase;
			buildActionMask = 2147483647;
			files = (
				E84058DECD2E8387F3E8E6C7 /* Pods_Smart2Pay_Example.framework in Frameworks */,
			);
			runOnlyForDeploymentPostprocessing = 0;
		};
/* End PBXFrameworksBuildPhase section */

/* Begin PBXGroup section */
		376DB2E78E71BF2DDEBAD586 /* Frameworks */ = {
			isa = PBXGroup;
			children = (
				5B5238400ECC5956B5806C37 /* Pods_Smart2Pay_Example.framework */,
			);
			name = Frameworks;
			sourceTree = "<group>";
		};
		6338904B218CAA9A00EE1309 = {
			isa = PBXGroup;
			children = (
				637FBF7B21CBD4A9006E35FE /* CreditCardForm */,
				63389056218CAA9A00EE1309 /* Smart2Pay Example */,
				63389055218CAA9A00EE1309 /* Products */,
				6BEE4200B468BECE201B2D12 /* Pods */,
				376DB2E78E71BF2DDEBAD586 /* Frameworks */,
			);
			sourceTree = "<group>";
		};
		63389055218CAA9A00EE1309 /* Products */ = {
			isa = PBXGroup;
			children = (
				63389054218CAA9A00EE1309 /* Smart2Pay Example.app */,
			);
			name = Products;
			sourceTree = "<group>";
		};
		63389056218CAA9A00EE1309 /* Smart2Pay Example */ = {
			isa = PBXGroup;
			children = (
				634E1F69219047490099AD88 /* Constants.swift */,
				63389057218CAA9A00EE1309 /* AppDelegate.swift */,
				634E1F6B2190486C0099AD88 /* Models */,
				634E1F632190465C0099AD88 /* Helpers */,
				634E1F54219046160099AD88 /* Services */,
				63389059218CAA9A00EE1309 /* PaymentViewController.swift */,
				F5784399269EFC7200FA8A8C /* Auth3dViewController.swift */,
				6338905B218CAA9A00EE1309 /* Main.storyboard */,
				6338905E218CAA9C00EE1309 /* Assets.xcassets */,
				63389060218CAA9C00EE1309 /* LaunchScreen.storyboard */,
				63389063218CAA9C00EE1309 /* Info.plist */,
				F578439E269F3EAE00FA8A8C /* GoogleService-Info.plist */,
			);
			path = "Smart2Pay Example";
			sourceTree = "<group>";
		};
		634E1F54219046160099AD88 /* Services */ = {
			isa = PBXGroup;
			children = (
				634E1F5A219046160099AD88 /* BaseService.swift */,
				639240F121C90E9600B4E608 /* AuthorizationService.swift */,
				634E1F55219046160099AD88 /* PaymentsService.swift */,
			);
			path = Services;
			sourceTree = "<group>";
		};
		634E1F632190465C0099AD88 /* Helpers */ = {
			isa = PBXGroup;
			children = (
				634E1F652190465C0099AD88 /* Parser.swift */,
			);
			path = Helpers;
			sourceTree = "<group>";
		};
		634E1F6B2190486C0099AD88 /* Models */ = {
			isa = PBXGroup;
			children = (
				634E1F6C2190487C0099AD88 /* ApiError.swift */,
				634E1F6E219077230099AD88 /* Order.swift */,
				632058F321CCF12900E36511 /* CreditCard.swift */,
			);
			path = Models;
			sourceTree = "<group>";
		};
		637FBF7B21CBD4A9006E35FE /* CreditCardForm */ = {
			isa = PBXGroup;
			children = (
				637FBF7C21CBD4A9006E35FE /* Classes */,
				637FBF8921CBD4A9006E35FE /* Images.xcassets */,
			);
			path = CreditCardForm;
			sourceTree = "<group>";
		};
		637FBF7C21CBD4A9006E35FE /* Classes */ = {
			isa = PBXGroup;
			children = (
				637FBF7D21CBD4A9006E35FE /* Utilities.swift */,
				637FBF7E21CBD4A9006E35FE /* AKMaskFieldEvent.swift */,
				637FBF7F21CBD4A9006E35FE /* CreditCardFormView.swift */,
				637FBF8021CBD4A9006E35FE /* CreditCardValidator.swift */,
				637FBF8121CBD4A9006E35FE /* AKMaskFieldBlock.swift */,
				637FBF8221CBD4A9006E35FE /* AKMaskField.swift */,
				637FBF8321CBD4A9006E35FE /* AKMaskFieldUtility.swift */,
				637FBF8421CBD4A9006E35FE /* CreditCardValidationType.swift */,
				637FBF8521CBD4A9006E35FE /* AKMaskFieldBlockCharacter.swift */,
				637FBF8621CBD4A9006E35FE /* AKMaskFieldPatternCharacter.swift */,
				637FBF8721CBD4A9006E35FE /* AKMaskFieldStatus.swift */,
			);
			path = Classes;
			sourceTree = "<group>";
		};
		6BEE4200B468BECE201B2D12 /* Pods */ = {
			isa = PBXGroup;
			children = (
				55DCEACB24D57C0BB2121017 /* Pods-Smart2Pay Example.debug.xcconfig */,
				901A101F4827CB62B2343951 /* Pods-Smart2Pay Example.release.xcconfig */,
			);
			name = Pods;
			sourceTree = "<group>";
		};
/* End PBXGroup section */

/* Begin PBXNativeTarget section */
		63389053218CAA9A00EE1309 /* Smart2Pay Example */ = {
			isa = PBXNativeTarget;
			buildConfigurationList = 63389066218CAA9C00EE1309 /* Build configuration list for PBXNativeTarget "Smart2Pay Example" */;
			buildPhases = (
				5FCB0F923408864CB127145D /* [CP] Check Pods Manifest.lock */,
				63389050218CAA9A00EE1309 /* Sources */,
				63389051218CAA9A00EE1309 /* Frameworks */,
				63389052218CAA9A00EE1309 /* Resources */,
				00D6AAF4E18D9BDFC457B579 /* [CP] Embed Pods Frameworks */,
				63B78E0D21921ECF00FDE1CF /* Embed Frameworks */,
				F578439D269F3CB300FA8A8C /* ShellScript */,
			);
			buildRules = (
			);
			dependencies = (
			);
			name = "Smart2Pay Example";
			productName = "Smart2Pay Example";
			productReference = 63389054218CAA9A00EE1309 /* Smart2Pay Example.app */;
			productType = "com.apple.product-type.application";
		};
/* End PBXNativeTarget section */

/* Begin PBXProject section */
		6338904C218CAA9A00EE1309 /* Project object */ = {
			isa = PBXProject;
			attributes = {
				LastSwiftUpdateCheck = 1010;
				LastUpgradeCheck = 1220;
				ORGANIZATIONNAME = "David Jupijn";
				TargetAttributes = {
					63389053218CAA9A00EE1309 = {
						CreatedOnToolsVersion = 10.1;
					};
				};
			};
			buildConfigurationList = 6338904F218CAA9A00EE1309 /* Build configuration list for PBXProject "Smart2Pay Example" */;
			compatibilityVersion = "Xcode 12.0";
			developmentRegion = en;
			hasScannedForEncodings = 0;
			knownRegions = (
				en,
				Base,
			);
			mainGroup = 6338904B218CAA9A00EE1309;
			productRefGroup = 63389055218CAA9A00EE1309 /* Products */;
			projectDirPath = "";
			projectRoot = "";
			targets = (
				63389053218CAA9A00EE1309 /* Smart2Pay Example */,
			);
		};
/* End PBXProject section */

/* Begin PBXResourcesBuildPhase section */
		63389052218CAA9A00EE1309 /* Resources */ = {
			isa = PBXResourcesBuildPhase;
			buildActionMask = 2147483647;
			files = (
				F578439F269F3EAE00FA8A8C /* GoogleService-Info.plist in Resources */,
				63389062218CAA9C00EE1309 /* LaunchScreen.storyboard in Resources */,
				637FBF9521CBD4A9006E35FE /* Images.xcassets in Resources */,
				6338905F218CAA9C00EE1309 /* Assets.xcassets in Resources */,
				6338905D218CAA9A00EE1309 /* Main.storyboard in Resources */,
			);
			runOnlyForDeploymentPostprocessing = 0;
		};
/* End PBXResourcesBuildPhase section */

/* Begin PBXShellScriptBuildPhase section */
		00D6AAF4E18D9BDFC457B579 /* [CP] Embed Pods Frameworks */ = {
			isa = PBXShellScriptBuildPhase;
			buildActionMask = 2147483647;
			files = (
			);
			inputFileListPaths = (
				"${PODS_ROOT}/Target Support Files/Pods-Smart2Pay Example/Pods-Smart2Pay Example-frameworks-${CONFIGURATION}-input-files.xcfilelist",
			);
			name = "[CP] Embed Pods Frameworks";
			outputFileListPaths = (
				"${PODS_ROOT}/Target Support Files/Pods-Smart2Pay Example/Pods-Smart2Pay Example-frameworks-${CONFIGURATION}-output-files.xcfilelist",
			);
			runOnlyForDeploymentPostprocessing = 0;
			shellPath = /bin/sh;
			shellScript = "\"${PODS_ROOT}/Target Support Files/Pods-Smart2Pay Example/Pods-Smart2Pay Example-frameworks.sh\"\n";
			showEnvVarsInLog = 0;
		};
		5FCB0F923408864CB127145D /* [CP] Check Pods Manifest.lock */ = {
			isa = PBXShellScriptBuildPhase;
			buildActionMask = 2147483647;
			files = (
			);
			inputFileListPaths = (
			);
			inputPaths = (
				"${PODS_PODFILE_DIR_PATH}/Podfile.lock",
				"${PODS_ROOT}/Manifest.lock",
			);
			name = "[CP] Check Pods Manifest.lock";
			outputFileListPaths = (
			);
			outputPaths = (
				"$(DERIVED_FILE_DIR)/Pods-Smart2Pay Example-checkManifestLockResult.txt",
			);
			runOnlyForDeploymentPostprocessing = 0;
			shellPath = /bin/sh;
			shellScript = "diff \"${PODS_PODFILE_DIR_PATH}/Podfile.lock\" \"${PODS_ROOT}/Manifest.lock\" > /dev/null\nif [ $? != 0 ] ; then\n    # print error to STDERR\n    echo \"error: The sandbox is not in sync with the Podfile.lock. Run 'pod install' or update your CocoaPods installation.\" >&2\n    exit 1\nfi\n# This output is used by Xcode 'outputs' to avoid re-running this script phase.\necho \"SUCCESS\" > \"${SCRIPT_OUTPUT_FILE_0}\"\n";
			showEnvVarsInLog = 0;
		};
		F578439D269F3CB300FA8A8C /* ShellScript */ = {
			isa = PBXShellScriptBuildPhase;
			buildActionMask = 2147483647;
			files = (
			);
			inputFileListPaths = (
			);
			inputPaths = (
				"${DWARF_DSYM_FOLDER_PATH}/${DWARF_DSYM_FILE_NAME}/Contents/Resources/DWARF/${TARGET_NAME}",
				"$(SRCROOT)/$(BUILT_PRODUCTS_DIR)/$(INFOPLIST_PATH)",
			);
			outputFileListPaths = (
			);
			outputPaths = (
			);
			runOnlyForDeploymentPostprocessing = 0;
			shellPath = /bin/sh;
			shellScript = "\"${PODS_ROOT}/FirebaseCrashlytics/run\"\n";
		};
/* End PBXShellScriptBuildPhase section */

/* Begin PBXSourcesBuildPhase section */
		63389050218CAA9A00EE1309 /* Sources */ = {
			isa = PBXSourcesBuildPhase;
			buildActionMask = 2147483647;
			files = (
				639240F221C90E9600B4E608 /* AuthorizationService.swift in Sources */,
				634E1F61219046160099AD88 /* BaseService.swift in Sources */,
				634E1F672190465C0099AD88 /* Parser.swift in Sources */,
				637FBF9021CBD4A9006E35FE /* AKMaskFieldUtility.swift in Sources */,
				637FBF8C21CBD4A9006E35FE /* CreditCardFormView.swift in Sources */,
				637FBF8E21CBD4A9006E35FE /* AKMaskFieldBlock.swift in Sources */,
				637FBF9421CBD4A9006E35FE /* AKMaskFieldStatus.swift in Sources */,
				634E1F6F219077230099AD88 /* Order.swift in Sources */,
				6338905A218CAA9A00EE1309 /* PaymentViewController.swift in Sources */,
				632058F421CCF12900E36511 /* CreditCard.swift in Sources */,
				637FBF9321CBD4A9006E35FE /* AKMaskFieldPatternCharacter.swift in Sources */,
				637FBF9221CBD4A9006E35FE /* AKMaskFieldBlockCharacter.swift in Sources */,
				634E1F5C219046160099AD88 /* PaymentsService.swift in Sources */,
				637FBF8B21CBD4A9006E35FE /* AKMaskFieldEvent.swift in Sources */,
				63389058218CAA9A00EE1309 /* AppDelegate.swift in Sources */,
				637FBF8D21CBD4A9006E35FE /* CreditCardValidator.swift in Sources */,
				634E1F6A219047490099AD88 /* Constants.swift in Sources */,
				F578439A269EFC7200FA8A8C /* Auth3dViewController.swift in Sources */,
				637FBF8A21CBD4A9006E35FE /* Utilities.swift in Sources */,
				637FBF9121CBD4A9006E35FE /* CreditCardValidationType.swift in Sources */,
				634E1F6D2190487C0099AD88 /* ApiError.swift in Sources */,
				637FBF8F21CBD4A9006E35FE /* AKMaskField.swift in Sources */,
			);
			runOnlyForDeploymentPostprocessing = 0;
		};
/* End PBXSourcesBuildPhase section */

/* Begin PBXVariantGroup section */
		6338905B218CAA9A00EE1309 /* Main.storyboard */ = {
			isa = PBXVariantGroup;
			children = (
				6338905C218CAA9A00EE1309 /* Base */,
			);
			name = Main.storyboard;
			sourceTree = "<group>";
		};
		63389060218CAA9C00EE1309 /* LaunchScreen.storyboard */ = {
			isa = PBXVariantGroup;
			children = (
				63389061218CAA9C00EE1309 /* Base */,
			);
			name = LaunchScreen.storyboard;
			sourceTree = "<group>";
		};
/* End PBXVariantGroup section */

/* Begin XCBuildConfiguration section */
		63389064218CAA9C00EE1309 /* Debug */ = {
			isa = XCBuildConfiguration;
			buildSettings = {
				ALWAYS_SEARCH_USER_PATHS = NO;
				CLANG_ANALYZER_NONNULL = YES;
				CLANG_ANALYZER_NUMBER_OBJECT_CONVERSION = YES_AGGRESSIVE;
				CLANG_CXX_LANGUAGE_STANDARD = "gnu++14";
				CLANG_CXX_LIBRARY = "libc++";
				CLANG_ENABLE_MODULES = YES;
				CLANG_ENABLE_OBJC_ARC = YES;
				CLANG_ENABLE_OBJC_WEAK = YES;
				CLANG_WARN_BLOCK_CAPTURE_AUTORELEASING = YES;
				CLANG_WARN_BOOL_CONVERSION = YES;
				CLANG_WARN_COMMA = YES;
				CLANG_WARN_CONSTANT_CONVERSION = YES;
				CLANG_WARN_DEPRECATED_OBJC_IMPLEMENTATIONS = YES;
				CLANG_WARN_DIRECT_OBJC_ISA_USAGE = YES_ERROR;
				CLANG_WARN_DOCUMENTATION_COMMENTS = YES;
				CLANG_WARN_EMPTY_BODY = YES;
				CLANG_WARN_ENUM_CONVERSION = YES;
				CLANG_WARN_INFINITE_RECURSION = YES;
				CLANG_WARN_INT_CONVERSION = YES;
				CLANG_WARN_NON_LITERAL_NULL_CONVERSION = YES;
				CLANG_WARN_OBJC_IMPLICIT_RETAIN_SELF = YES;
				CLANG_WARN_OBJC_LITERAL_CONVERSION = YES;
				CLANG_WARN_OBJC_ROOT_CLASS = YES_ERROR;
				CLANG_WARN_QUOTED_INCLUDE_IN_FRAMEWORK_HEADER = YES;
				CLANG_WARN_RANGE_LOOP_ANALYSIS = YES;
				CLANG_WARN_STRICT_PROTOTYPES = YES;
				CLANG_WARN_SUSPICIOUS_MOVE = YES;
				CLANG_WARN_UNGUARDED_AVAILABILITY = YES_AGGRESSIVE;
				CLANG_WARN_UNREACHABLE_CODE = YES;
				CLANG_WARN__DUPLICATE_METHOD_MATCH = YES;
				CODE_SIGN_IDENTITY = "iPhone Developer";
				COPY_PHASE_STRIP = NO;
				DEBUG_INFORMATION_FORMAT = dwarf;
				ENABLE_STRICT_OBJC_MSGSEND = YES;
				ENABLE_TESTABILITY = YES;
				FRAMEWORK_SEARCH_PATHS = "$(PROJECT_DIR)/**";
				GCC_C_LANGUAGE_STANDARD = gnu11;
				GCC_DYNAMIC_NO_PIC = NO;
				GCC_NO_COMMON_BLOCKS = YES;
				GCC_OPTIMIZATION_LEVEL = 0;
				GCC_PREPROCESSOR_DEFINITIONS = (
					"DEBUG=1",
					"$(inherited)",
				);
				GCC_WARN_64_TO_32_BIT_CONVERSION = YES;
				GCC_WARN_ABOUT_RETURN_TYPE = YES_ERROR;
				GCC_WARN_UNDECLARED_SELECTOR = YES;
				GCC_WARN_UNINITIALIZED_AUTOS = YES_AGGRESSIVE;
				GCC_WARN_UNUSED_FUNCTION = YES;
				GCC_WARN_UNUSED_VARIABLE = YES;
				IPHONEOS_DEPLOYMENT_TARGET = 12.1;
				MTL_ENABLE_DEBUG_INFO = INCLUDE_SOURCE;
				MTL_FAST_MATH = YES;
				ONLY_ACTIVE_ARCH = YES;
				SDKROOT = iphoneos;
				SWIFT_ACTIVE_COMPILATION_CONDITIONS = DEBUG;
				SWIFT_OPTIMIZATION_LEVEL = "-Onone";
			};
			name = Debug;
		};
		63389065218CAA9C00EE1309 /* Release */ = {
			isa = XCBuildConfiguration;
			buildSettings = {
				ALWAYS_SEARCH_USER_PATHS = NO;
				CLANG_ANALYZER_NONNULL = YES;
				CLANG_ANALYZER_NUMBER_OBJECT_CONVERSION = YES_AGGRESSIVE;
				CLANG_CXX_LANGUAGE_STANDARD = "gnu++14";
				CLANG_CXX_LIBRARY = "libc++";
				CLANG_ENABLE_MODULES = YES;
				CLANG_ENABLE_OBJC_ARC = YES;
				CLANG_ENABLE_OBJC_WEAK = YES;
				CLANG_WARN_BLOCK_CAPTURE_AUTORELEASING = YES;
				CLANG_WARN_BOOL_CONVERSION = YES;
				CLANG_WARN_COMMA = YES;
				CLANG_WARN_CONSTANT_CONVERSION = YES;
				CLANG_WARN_DEPRECATED_OBJC_IMPLEMENTATIONS = YES;
				CLANG_WARN_DIRECT_OBJC_ISA_USAGE = YES_ERROR;
				CLANG_WARN_DOCUMENTATION_COMMENTS = YES;
				CLANG_WARN_EMPTY_BODY = YES;
				CLANG_WARN_ENUM_CONVERSION = YES;
				CLANG_WARN_INFINITE_RECURSION = YES;
				CLANG_WARN_INT_CONVERSION = YES;
				CLANG_WARN_NON_LITERAL_NULL_CONVERSION = YES;
				CLANG_WARN_OBJC_IMPLICIT_RETAIN_SELF = YES;
				CLANG_WARN_OBJC_LITERAL_CONVERSION = YES;
				CLANG_WARN_OBJC_ROOT_CLASS = YES_ERROR;
				CLANG_WARN_QUOTED_INCLUDE_IN_FRAMEWORK_HEADER = YES;
				CLANG_WARN_RANGE_LOOP_ANALYSIS = YES;
				CLANG_WARN_STRICT_PROTOTYPES = YES;
				CLANG_WARN_SUSPICIOUS_MOVE = YES;
				CLANG_WARN_UNGUARDED_AVAILABILITY = YES_AGGRESSIVE;
				CLANG_WARN_UNREACHABLE_CODE = YES;
				CLANG_WARN__DUPLICATE_METHOD_MATCH = YES;
				CODE_SIGN_IDENTITY = "iPhone Developer";
				COPY_PHASE_STRIP = NO;
				DEBUG_INFORMATION_FORMAT = "dwarf-with-dsym";
				ENABLE_NS_ASSERTIONS = NO;
				ENABLE_STRICT_OBJC_MSGSEND = YES;
				FRAMEWORK_SEARCH_PATHS = "$(PROJECT_DIR)/**";
				GCC_C_LANGUAGE_STANDARD = gnu11;
				GCC_NO_COMMON_BLOCKS = YES;
				GCC_WARN_64_TO_32_BIT_CONVERSION = YES;
				GCC_WARN_ABOUT_RETURN_TYPE = YES_ERROR;
				GCC_WARN_UNDECLARED_SELECTOR = YES;
				GCC_WARN_UNINITIALIZED_AUTOS = YES_AGGRESSIVE;
				GCC_WARN_UNUSED_FUNCTION = YES;
				GCC_WARN_UNUSED_VARIABLE = YES;
				IPHONEOS_DEPLOYMENT_TARGET = 12.1;
				MTL_ENABLE_DEBUG_INFO = NO;
				MTL_FAST_MATH = YES;
				SDKROOT = iphoneos;
				SWIFT_COMPILATION_MODE = wholemodule;
				SWIFT_OPTIMIZATION_LEVEL = "-O";
				VALIDATE_PRODUCT = YES;
			};
			name = Release;
		};
		63389067218CAA9C00EE1309 /* Debug */ = {
			isa = XCBuildConfiguration;
			baseConfigurationReference = 55DCEACB24D57C0BB2121017 /* Pods-Smart2Pay Example.debug.xcconfig */;
			buildSettings = {
				ALWAYS_EMBED_SWIFT_STANDARD_LIBRARIES = "$(inherited)";
				ASSETCATALOG_COMPILER_APPICON_NAME = AppIcon;
				CODE_SIGN_STYLE = Automatic;
				CURRENT_PROJECT_VERSION = 2;
				DEVELOPMENT_TEAM = 76EG5CUMY9;
				ENABLE_BITCODE = NO;
				FRAMEWORK_SEARCH_PATHS = (
					"$(inherited)",
					"$(PROJECT_DIR)/**",
					"$(PROJECT_DIR)/Frameworks",
				);
				INFOPLIST_FILE = "Smart2Pay Example/Info.plist";
				IPHONEOS_DEPLOYMENT_TARGET = 13.0;
				LD_RUNPATH_SEARCH_PATHS = (
					"$(inherited)",
					"@executable_path/Frameworks",
				);
				LIBRARY_SEARCH_PATHS = "";
				MARKETING_VERSION = 1.1;
				PRODUCT_BUNDLE_IDENTIFIER = com.smart2pay.iossdk.tester;
				PRODUCT_NAME = "$(TARGET_NAME)";
				SWIFT_VERSION = 5.0;
				TARGETED_DEVICE_FAMILY = "1,2";
			};
			name = Debug;
		};
		63389068218CAA9C00EE1309 /* Release */ = {
			isa = XCBuildConfiguration;
			baseConfigurationReference = 901A101F4827CB62B2343951 /* Pods-Smart2Pay Example.release.xcconfig */;
			buildSettings = {
				ALWAYS_EMBED_SWIFT_STANDARD_LIBRARIES = "$(inherited)";
				ASSETCATALOG_COMPILER_APPICON_NAME = AppIcon;
				CODE_SIGN_STYLE = Automatic;
				CURRENT_PROJECT_VERSION = 2;
				DEVELOPMENT_TEAM = 76EG5CUMY9;
				ENABLE_BITCODE = NO;
				FRAMEWORK_SEARCH_PATHS = (
					"$(inherited)",
					"$(PROJECT_DIR)/**",
					"$(PROJECT_DIR)/Frameworks",
				);
				INFOPLIST_FILE = "Smart2Pay Example/Info.plist";
				IPHONEOS_DEPLOYMENT_TARGET = 13.0;
				LD_RUNPATH_SEARCH_PATHS = (
					"$(inherited)",
					"@executable_path/Frameworks",
				);
				LIBRARY_SEARCH_PATHS = "";
				MARKETING_VERSION = 1.1;
				PRODUCT_BUNDLE_IDENTIFIER = com.smart2pay.iossdk.tester;
				PRODUCT_NAME = "$(TARGET_NAME)";
				SWIFT_VERSION = 5.0;
				TARGETED_DEVICE_FAMILY = "1,2";
			};
			name = Release;
		};
/* End XCBuildConfiguration section */

/* Begin XCConfigurationList section */
		6338904F218CAA9A00EE1309 /* Build configuration list for PBXProject "Smart2Pay Example" */ = {
			isa = XCConfigurationList;
			buildConfigurations = (
				63389064218CAA9C00EE1309 /* Debug */,
				63389065218CAA9C00EE1309 /* Release */,
			);
			defaultConfigurationIsVisible = 0;
			defaultConfigurationName = Release;
		};
		63389066218CAA9C00EE1309 /* Build configuration list for PBXNativeTarget "Smart2Pay Example" */ = {
			isa = XCConfigurationList;
			buildConfigurations = (
				63389067218CAA9C00EE1309 /* Debug */,
				63389068218CAA9C00EE1309 /* Release */,
			);
			defaultConfigurationIsVisible = 0;
			defaultConfigurationName = Release;
		};
/* End XCConfigurationList section */
	};
	rootObject = 6338904C218CAA9A00EE1309 /* Project object */;
}
